
Microsoft Visual Studio Solution File, Format Version 12.00
# Visual Studio Version 17
VisualStudioVersion = 17.4.33213.308
MinimumVisualStudioVersion = 10.0.40219.1
Project("{FAE04EC0-301F-11D3-BF4B-00C04F79EFBC}") = "SampleWebApplication", "SampleWebApplication\SampleWebApplication.csproj", "{636D5802-7D98-4EE6-80F2-C40EEBE46A90}"
EndProject
Global
	GlobalSection(SolutionConfigurationPlatforms) = preSolution
		Debug|Any CPU = Debug|Any CPU
		Release|Any CPU = Release|Any CPU
	EndGlobalSection
	GlobalSection(ProjectConfigurationPlatforms) = postSolution
		{636D5802-7D98-4EE6-80F2-C40EEBE46A90}.Debug|Any CPU.ActiveCfg = Debug|Any CPU
		{636D5802-7D98-4EE6-80F2-C40EEBE46A90}.Debug|Any CPU.Build.0 = Debug|Any CPU
		{636D5802-7D98-4EE6-80F2-C40EEBE46A90}.Release|Any CPU.ActiveCfg = Release|Any CPU
		{636D5802-7D98-4EE6-80F2-C40EEBE46A90}.Release|Any CPU.Build.0 = Release|Any CPU
	EndGlobalSection
	GlobalSection(SolutionProperties) = preSolution
		HideSolutionNode = FALSE
	EndGlobalSection
	GlobalSection(ExtensibilityGlobals) = postSolution
		SolutionGuid = {8472DC7A-0852-4A2B-BA27-3E5115EC51DF}
	EndGlobalSection
EndGlobal
